
Microsoft Visual Studio Solution File, Format Version 12.00
# Visual Studio Version 17
VisualStudioVersion = 17.11.35312.102
MinimumVisualStudioVersion = 10.0.40219.1
Project("{9A19103F-16F7-4668-BE54-9A1E7A4F7556}") = "PxlPop.App", "PxlPop.App\PxlPop.App.csproj", "{729BBE41-A6CB-41F1-B18D-DA965E1B6E65}"
EndProject
Global
	GlobalSection(SolutionConfigurationPlatforms) = preSolution
		Debug|Any CPU = Debug|Any CPU
		Release|Any CPU = Release|Any CPU
	EndGlobalSection
	GlobalSection(ProjectConfigurationPlatforms) = postSolution
		{729BBE41-A6CB-41F1-B18D-DA965E1B6E65}.Debug|Any CPU.ActiveCfg = Debug|Any CPU
		{729BBE41-A6CB-41F1-B18D-DA965E1B6E65}.Debug|Any CPU.Build.0 = Debug|Any CPU
		{729BBE41-A6CB-41F1-B18D-DA965E1B6E65}.Debug|Any CPU.Deploy.0 = Debug|Any CPU
		{729BBE41-A6CB-41F1-B18D-DA965E1B6E65}.Release|Any CPU.ActiveCfg = Release|Any CPU
		{729BBE41-A6CB-41F1-B18D-DA965E1B6E65}.Release|Any CPU.Build.0 = Release|Any CPU
		{729BBE41-A6CB-41F1-B18D-DA965E1B6E65}.Release|Any CPU.Deploy.0 = Release|Any CPU
	EndGlobalSection
	GlobalSection(SolutionProperties) = preSolution
		HideSolutionNode = FALSE
	EndGlobalSection
	GlobalSection(ExtensibilityGlobals) = postSolution
		SolutionGuid = {F97AFBF0-30AE-4550-8352-BFEC6FF47706}
	EndGlobalSection
EndGlobal
